# THIS IS AN AUTOGENERATED FILE. DO NOT EDIT THIS FILE DIRECTLY.
# yarn lockfile v1


akeypair@^0.2.4:
  version "0.2.4"
  resolved "https://registry.yarnpkg.com/akeypair/-/akeypair-0.2.4.tgz#0782a0fb68adcb2f5d0ec2ed3c99259d20d479c9"
  dependencies:
    node-forge "~0.6.12"
  optionalDependencies:
    ursa "~0.8.1"

asn1.js@^2.2.0:
  version "2.2.1"
  resolved "https://registry.yarnpkg.com/asn1.js/-/asn1.js-2.2.1.tgz#c8ba4dd68e84431288126230cb2045bdfa9fbfe1"
  dependencies:
    bn.js "^2.0.0"
    inherits "^2.0.1"
    minimalistic-assert "^1.0.0"

bindings@^1.2.1:
  version "1.2.1"
  resolved "https://registry.yarnpkg.com/bindings/-/bindings-1.2.1.tgz#14ad6113812d2d37d72e67b4cacb4bb726505f11"

bn.js@^2.0.0:
  version "2.2.0"
  resolved "https://registry.yarnpkg.com/bn.js/-/bn.js-2.2.0.tgz#12162bc2ae71fc40a5626c33438f3a875cd37625"

bn.js@^3.1.1, bn.js@^3.1.2:
  version "3.3.0"
  resolved "https://registry.yarnpkg.com/bn.js/-/bn.js-3.3.0.tgz#1138e577889fdc97bbdab51844f2190dfc0ae3d7"

brorand@^1.0.1:
  version "1.1.0"
  resolved "https://registry.yarnpkg.com/brorand/-/brorand-1.1.0.tgz#12c25efe40a45e3c323eb8675a0a0ce57b22371f"

elliptic@^5.1.0:
  version "5.2.1"
  resolved "https://registry.yarnpkg.com/elliptic/-/elliptic-5.2.1.tgz#fa294b6563c6ddbc9ba3dc8594687ae840858f10"
  dependencies:
    bn.js "^3.1.1"
    brorand "^1.0.1"
    hash.js "^1.0.0"
    inherits "^2.0.1"

hash.js@^1.0.0:
  version "1.0.3"
  resolved "https://registry.yarnpkg.com/hash.js/-/hash.js-1.0.3.tgz#1332ff00156c0a0ffdd8236013d07b77a0451573"
  dependencies:
    inherits "^2.0.1"

inherits@^2.0.1:
  version "2.0.3"
  resolved "https://registry.yarnpkg.com/inherits/-/inherits-2.0.3.tgz#633c2c83e3da42a502f52466022480f4208261de"

key-encoder@^1.1.6:
  version "1.1.6"
  resolved "https://registry.yarnpkg.com/key-encoder/-/key-encoder-1.1.6.tgz#0135582cd3d0a7eb792d94eca387b681e8e5a2ad"
  dependencies:
    asn1.js "^2.2.0"
    bn.js "^3.1.2"
    elliptic "^5.1.0"

minimalistic-assert@^1.0.0:
  version "1.0.0"
  resolved "https://registry.yarnpkg.com/minimalistic-assert/-/minimalistic-assert-1.0.0.tgz#702be2dda6b37f4836bcb3f5db56641b64a1d3d3"

nan@^1.7.0:
  version "1.9.0"
  resolved "https://registry.yarnpkg.com/nan/-/nan-1.9.0.tgz#1a9cd2755609766f5c291e4194fce39fde286515"

node-forge@~0.6.12:
  version "0.6.49"
  resolved "https://registry.yarnpkg.com/node-forge/-/node-forge-0.6.49.tgz#f1ee95d5d74623938fe19d698aa5a26d54d2f60f"

ursa@~0.8.1:
  version "0.8.5"
  resolved "https://registry.yarnpkg.com/ursa/-/ursa-0.8.5.tgz#cb6beca9808840de0c9e6057153be3b1901431b6"
  dependencies:
    bindings "^1.2.1"
    nan "^1.7.0"
